# This file is automatically @generated by Cargo.
# It is not intended for manual editing.
version = 4

[[package]]
name = "arrayvec"
version = "0.7.8"
source = "registry+https://github.com/rust-lang/crates.io-index"
checksum = "d3fb67a6e08acf24fdeccbac2cb6ac4305825bd1f117462e0e6f2f193345ad56"

[[package]]
name = "cfg-if"
version = "1.0.4"
source = "registry+https://github.com/rust-lang/crates.io-index"
checksum = "9330f8b2ff13f34540b44e946ef35111825727b38d33286ef986142615121801"

[[package]]
name = "encoding_c"
version = "0.9.8"
source = "registry+https://github.com/rust-lang/crates.io-index"
checksum = "9af727805f3b0d79956bde5b35732669fb5c5d45a94893798e7b7e70cfbf9cc1"
dependencies = [
 "encoding_rs",
]

[[package]]
name = "encoding_c_mem"
version = "0.2.6"
source = "registry+https://github.com/rust-lang/crates.io-index"
checksum = "3a80a16821fe8c7cab96e0c67b57cd7090e021e9615e6ce6ab0cf866c44ed1f0"
dependencies = [
 "encoding_rs",
]

[[package]]
name = "encoding_rs"
version = "0.8.35"
source = "registry+https://github.com/rust-lang/crates.io-index"
checksum = "75030f3c4f45dafd7586dd6780965a8c7e8e285a5ecb86713e63a79c5b2766f3"
dependencies = [
 "cfg-if",
]

[[package]]
name = "rust-encoding"
version = "0.1.0"
dependencies = [
 "encoding_c",
 "encoding_c_mem",
]

[[package]]
name = "rust-hooks"
version = "0.1.0"
dependencies = [
 "arrayvec",
]

[[package]]
name = "spidermonkey-rust"
version = "0.1.0"
dependencies = [
 "rust-encoding",
 "rust-hooks",
]
